<?xml version="1.0" encoding="utf-8"?>
<Project ToolsVersion="4.0" xmlns="http://schemas.microsoft.com/developer/msbuild/2003">
  <ItemGroup>
    <Filter Include="Source Files">
      <UniqueIdentifier>{4FC737F1-C7A5-4376-A066-2A32D752A2FF}</UniqueIdentifier>
      <Extensions>cpp;c;cc;cxx;def;odl;idl;hpj;bat;asm;asmx</Extensions>
    </Filter>
    <Filter Include="Header Files">
      <UniqueIdentifier>{93995380-89BD-4b04-88EB-625FBE52EBFB}</UniqueIdentifier>
      <Extensions>h;hh;hpp;hxx;hm;inl;inc;ipp;xsd</Extensions>
    </Filter>
    <Filter Include="Resource Files">
      <UniqueIdentifier>{67DA6AB6-F800-4c08-8B7A-83BB121AAD01}</UniqueIdentifier>
      <Extensions>rc;ico;cur;bmp;dlg;rc2;rct;bin;rgs;gif;jpg;jpeg;jpe;resx;tiff;tif;png;wav;mfcribbon-ms</Extensions>
    </Filter>
    <Filter Include="Source Files\EventLoop">
      <UniqueIdentifier>{f4a021fd-99b5-4722-b9e0-2c4594def351}</UniqueIdentifier>
    </Filter>
    <Filter Include="Source Files\Entities">
      <UniqueIdentifier>{77e91d80-b4d6-437a-a764-4a63b9d8abb0}</UniqueIdentifier>
    </Filter>
    <Filter Include="Source Files\Entities\Base">
      <UniqueIdentifier>{ae029261-57ef-4ffd-b93e-106f00c3338c}</UniqueIdentifier>
    </Filter>
    <Filter Include="Source Files\Managers">
      <UniqueIdentifier>{39b5c848-3ee7-456e-b368-0a7532db0307}</UniqueIdentifier>
    </Filter>
    <Filter Include="Source Files\DataStores">
      <UniqueIdentifier>{8cf4e089-427c-494f-a437-48fe8a66e969}</UniqueIdentifier>
    </Filter>
    <Filter Include="Source Files\CollisionDetection">
      <UniqueIdentifier>{cd2d5fdb-2fdf-465f-88ea-90604c4d78e9}</UniqueIdentifier>
    </Filter>
    <Filter Include="Source Files\Entities\MovingEntities">
      <UniqueIdentifier>{17f64b8e-3a23-4bb8-a805-7cf24c0da28d}</UniqueIdentifier>
    </Filter>
    <Filter Include="Source Files\CollisionDetection\CollisionManager">
      <UniqueIdentifier>{6229307d-756e-4fe7-9647-d583d533d292}</UniqueIdentifier>
    </Filter>
    <Filter Include="Source Files\CollisionDetection\VectorMath">
      <UniqueIdentifier>{be209e7c-04e0-4ee2-bfa6-e07be9e12b86}</UniqueIdentifier>
    </Filter>
    <Filter Include="Source Files\Entities\TestEntities">
      <UniqueIdentifier>{977f2627-0a62-4ea1-ab8b-708f1ad07882}</UniqueIdentifier>
    </Filter>
    <Filter Include="Source Files\Entities\StaticEntities">
      <UniqueIdentifier>{2ff26d84-7e86-4a64-a03e-226606f76557}</UniqueIdentifier>
    </Filter>
  </ItemGroup>
  <ItemGroup>
    <ClInclude Include="pch.h">
      <Filter>Header Files</Filter>
    </ClInclude>
    <ClInclude Include="CollisionManager.h">
      <Filter>Header Files</Filter>
    </ClInclude>
  </ItemGroup>
  <ItemGroup>
    <ClCompile Include="pch.cpp">
      <Filter>Source Files</Filter>
    </ClCompile>
    <ClCompile Include="GameEngineAllegro.cpp">
      <Filter>Source Files</Filter>
    </ClCompile>
    <ClCompile Include="EventLoop.cpp">
      <Filter>Source Files\EventLoop</Filter>
    </ClCompile>
    <ClCompile Include="EventNode.cpp">
      <Filter>Source Files\EventLoop</Filter>
    </ClCompile>
    <ClCompile Include="Renderer.cpp">
      <Filter>Source Files\Entities</Filter>
    </ClCompile>
    <ClCompile Include="EntityWithData.cpp">
      <Filter>Source Files\Entities\Base</Filter>
    </ClCompile>
    <ClCompile Include="TickingEntity.cpp">
      <Filter>Source Files\Entities\Base</Filter>
    </ClCompile>
    <ClCompile Include="FontManager.cpp">
      <Filter>Source Files\Managers</Filter>
    </ClCompile>
    <ClCompile Include="SharedData.cpp">
      <Filter>Source Files\DataStores</Filter>
    </ClCompile>
    <ClCompile Include="EventListener.cpp">
      <Filter>Source Files\Entities</Filter>
    </ClCompile>
    <ClCompile Include="BitmapBase.cpp">
      <Filter>Source Files\Entities</Filter>
    </ClCompile>
    <ClCompile Include="BouncingCircle.cpp">
      <Filter>Source Files\Entities\MovingEntities</Filter>
    </ClCompile>
    <ClCompile Include="Polygon.cpp">
      <Filter>Source Files\CollisionDetection</Filter>
    </ClCompile>
    <ClCompile Include="Circle.cpp">
      <Filter>Source Files\CollisionDetection</Filter>
    </ClCompile>
    <ClCompile Include="Shape.cpp">
      <Filter>Source Files\CollisionDetection</Filter>
    </ClCompile>
    <ClCompile Include="Point.cpp">
      <Filter>Source Files\DataStores</Filter>
    </ClCompile>
    <ClCompile Include="Hitbox.cpp">
      <Filter>Source Files\CollisionDetection</Filter>
    </ClCompile>
    <ClCompile Include="CollisionInformation.cpp">
      <Filter>Source Files\CollisionDetection</Filter>
    </ClCompile>
    <ClCompile Include="CollisionManager.cpp">
      <Filter>Source Files\CollisionDetection\CollisionManager</Filter>
    </ClCompile>
    <ClCompile Include="HitboxCollision.cpp">
      <Filter>Source Files\CollisionDetection\CollisionManager</Filter>
    </ClCompile>
    <ClCompile Include="ShapeCollision.cpp">
      <Filter>Source Files\CollisionDetection\CollisionManager</Filter>
    </ClCompile>
    <ClCompile Include="CircleCollision.cpp">
      <Filter>Source Files\CollisionDetection\CollisionManager</Filter>
    </ClCompile>
    <ClCompile Include="CirclePolygonCollision.cpp">
      <Filter>Source Files\CollisionDetection\CollisionManager</Filter>
    </ClCompile>
    <ClCompile Include="PolygonCollision.cpp">
      <Filter>Source Files\CollisionDetection\CollisionManager</Filter>
    </ClCompile>
    <ClCompile Include="HitboxDisplay.cpp">
      <Filter>Source Files\Entities\MovingEntities</Filter>
    </ClCompile>
    <ClCompile Include="RenderedEntity.cpp">
      <Filter>Source Files\Entities\Base</Filter>
    </ClCompile>
    <ClCompile Include="CollidingEntity.cpp">
      <Filter>Source Files\Entities\Base</Filter>
    </ClCompile>
    <ClCompile Include="TextBase.cpp">
      <Filter>Source Files\Entities</Filter>
    </ClCompile>
    <ClCompile Include="Vector.cpp">
      <Filter>Source Files\CollisionDetection\VectorMath</Filter>
    </ClCompile>
    <ClCompile Include="UnitVector.cpp">
      <Filter>Source Files\CollisionDetection\VectorMath</Filter>
    </ClCompile>
    <ClCompile Include="SittingSquare.cpp">
      <Filter>Source Files\Entities\TestEntities</Filter>
    </ClCompile>
    <ClCompile Include="MouseFollower.cpp">
      <Filter>Source Files\Entities\TestEntities</Filter>
    </ClCompile>
    <ClCompile Include="Wall.cpp">
      <Filter>Source Files\Entities\StaticEntities</Filter>
    </ClCompile>
    <ClCompile Include="Observable.cpp">
      <Filter>Source Files\EventLoop</Filter>
    </ClCompile>
  </ItemGroup>
  <ItemGroup>
    <None Include="packages.config" />
  </ItemGroup>
</Project>